
Microsoft Visual Studio Solution File, Format Version 12.00
# Visual Studio 14
VisualStudioVersion = 14.0.25420.1
MinimumVisualStudioVersion = 10.0.40219.1
Project("{FAE04EC0-301F-11D3-BF4B-00C04F79EFBC}") = "PoeCrafting.Domain", "PoeCrafting.Domain\PoeCrafting.Domain.csproj", "{F222175A-5DBA-43FD-A47F-771D2D0AA2AF}"
EndProject
Project("{FAE04EC0-301F-11D3-BF4B-00C04F79EFBC}") = "PoeCrafting.Data", "PoeCrafting.Data\PoeCrafting.Data.csproj", "{7E67E2A6-DA5F-46A0-824C-A537DB11B3AC}"
EndProject
Project("{FAE04EC0-301F-11D3-BF4B-00C04F79EFBC}") = "PoeCrafting.Entities", "PoeCrafting.Entities\PoeCrafting.Entities.csproj", "{2F3E944E-78E3-40C6-85B2-197CF43429AA}"
EndProject
Project("{FAE04EC0-301F-11D3-BF4B-00C04F79EFBC}") = "PoeCrafting.Infrastructure", "PoeCrafting.Infrastructure\PoeCrafting.Infrastructure.csproj", "{D99F5A61-D937-45F7-A9A2-A8898729D0D3}"
EndProject
Project("{FAE04EC0-301F-11D3-BF4B-00C04F79EFBC}") = "PoeCrafting.UI", "PoeCrafting\PoeCrafting.UI.csproj", "{9DD4EE97-17F6-427C-A517-7B40500AF699}"
EndProject
Project("{2150E333-8FDC-42A3-9474-1A3956D46DE8}") = "Assets", "Assets", "{E33B68C5-21FE-4D84-B092-54AB4B8F062D}"
EndProject
Project("{2150E333-8FDC-42A3-9474-1A3956D46DE8}") = "Images", "Images", "{53E1D8D5-56E8-42A0-A4FF-3560D6615E84}"
EndProject
Project("{2150E333-8FDC-42A3-9474-1A3956D46DE8}") = "Currency", "Currency", "{D8EAB189-EA44-4FF6-8D90-A65C48D0BA42}"
	ProjectSection(SolutionItems) = preProject
		..\..\..\..\Desktop\Currency\Alchemy.png = ..\..\..\..\Desktop\Currency\Alchemy.png
		..\..\..\..\Desktop\Currency\Alteration.png = ..\..\..\..\Desktop\Currency\Alteration.png
		..\..\..\..\Desktop\Currency\Annullment.png = ..\..\..\..\Desktop\Currency\Annullment.png
		..\..\..\..\Desktop\Currency\Augmentation.png = ..\..\..\..\Desktop\Currency\Augmentation.png
		..\..\..\..\Desktop\Currency\Blessed.png = ..\..\..\..\Desktop\Currency\Blessed.png
		..\..\..\..\Desktop\Currency\Chance.png = ..\..\..\..\Desktop\Currency\Chance.png
		..\..\..\..\Desktop\Currency\Chaos.png = ..\..\..\..\Desktop\Currency\Chaos.png
		..\..\..\..\Desktop\Currency\Divine.png = ..\..\..\..\Desktop\Currency\Divine.png
		..\..\..\..\Desktop\Currency\Exalted.png = ..\..\..\..\Desktop\Currency\Exalted.png
		..\..\..\..\Desktop\Currency\Regal.png = ..\..\..\..\Desktop\Currency\Regal.png
		..\..\..\..\Desktop\Currency\Scour.png = ..\..\..\..\Desktop\Currency\Scour.png
		..\..\..\..\Desktop\Currency\Vaal.png = ..\..\..\..\Desktop\Currency\Vaal.png
	EndProjectSection
EndProject
Project("{FAE04EC0-301F-11D3-BF4B-00C04F79EFBC}") = "PoeCrafting.Currency", "PoeCrafting.Currency\PoeCrafting.Currency.csproj", "{56788108-8DBD-4B47-B629-66BC3B0B928F}"
EndProject
Project("{FAE04EC0-301F-11D3-BF4B-00C04F79EFBC}") = "PoeCrafting.CraftingProcess", "PoeCrafting.CraftingSim\PoeCrafting.CraftingProcess.csproj", "{02D6C6A0-9C17-4FC9-BBDA-DF480089AF07}"
EndProject
Project("{FAE04EC0-301F-11D3-BF4B-00C04F79EFBC}") = "PoeCrafting.CurrencyTest", "PoeCrafting.CurrencyTest\PoeCrafting.CurrencyTest.csproj", "{01194807-14EA-4A3A-AA89-AB9FE39EB036}"
EndProject
Global
	GlobalSection(SolutionConfigurationPlatforms) = preSolution
		Debug|Any CPU = Debug|Any CPU
		Release|Any CPU = Release|Any CPU
	EndGlobalSection
	GlobalSection(ProjectConfigurationPlatforms) = postSolution
		{F222175A-5DBA-43FD-A47F-771D2D0AA2AF}.Debug|Any CPU.ActiveCfg = Debug|Any CPU
		{F222175A-5DBA-43FD-A47F-771D2D0AA2AF}.Debug|Any CPU.Build.0 = Debug|Any CPU
		{F222175A-5DBA-43FD-A47F-771D2D0AA2AF}.Release|Any CPU.ActiveCfg = Release|Any CPU
		{F222175A-5DBA-43FD-A47F-771D2D0AA2AF}.Release|Any CPU.Build.0 = Release|Any CPU
		{7E67E2A6-DA5F-46A0-824C-A537DB11B3AC}.Debug|Any CPU.ActiveCfg = Debug|Any CPU
		{7E67E2A6-DA5F-46A0-824C-A537DB11B3AC}.Debug|Any CPU.Build.0 = Debug|Any CPU
		{7E67E2A6-DA5F-46A0-824C-A537DB11B3AC}.Release|Any CPU.ActiveCfg = Release|Any CPU
		{7E67E2A6-DA5F-46A0-824C-A537DB11B3AC}.Release|Any CPU.Build.0 = Release|Any CPU
		{2F3E944E-78E3-40C6-85B2-197CF43429AA}.Debug|Any CPU.ActiveCfg = Debug|Any CPU
		{2F3E944E-78E3-40C6-85B2-197CF43429AA}.Debug|Any CPU.Build.0 = Debug|Any CPU
		{2F3E944E-78E3-40C6-85B2-197CF43429AA}.Release|Any CPU.ActiveCfg = Release|Any CPU
		{2F3E944E-78E3-40C6-85B2-197CF43429AA}.Release|Any CPU.Build.0 = Release|Any CPU
		{D99F5A61-D937-45F7-A9A2-A8898729D0D3}.Debug|Any CPU.ActiveCfg = Debug|Any CPU
		{D99F5A61-D937-45F7-A9A2-A8898729D0D3}.Debug|Any CPU.Build.0 = Debug|Any CPU
		{D99F5A61-D937-45F7-A9A2-A8898729D0D3}.Release|Any CPU.ActiveCfg = Release|Any CPU
		{D99F5A61-D937-45F7-A9A2-A8898729D0D3}.Release|Any CPU.Build.0 = Release|Any CPU
		{9DD4EE97-17F6-427C-A517-7B40500AF699}.Debug|Any CPU.ActiveCfg = Debug|Any CPU
		{9DD4EE97-17F6-427C-A517-7B40500AF699}.Debug|Any CPU.Build.0 = Debug|Any CPU
		{9DD4EE97-17F6-427C-A517-7B40500AF699}.Release|Any CPU.ActiveCfg = Release|Any CPU
		{9DD4EE97-17F6-427C-A517-7B40500AF699}.Release|Any CPU.Build.0 = Release|Any CPU
		{56788108-8DBD-4B47-B629-66BC3B0B928F}.Debug|Any CPU.ActiveCfg = Debug|Any CPU
		{56788108-8DBD-4B47-B629-66BC3B0B928F}.Debug|Any CPU.Build.0 = Debug|Any CPU
		{56788108-8DBD-4B47-B629-66BC3B0B928F}.Release|Any CPU.ActiveCfg = Release|Any CPU
		{56788108-8DBD-4B47-B629-66BC3B0B928F}.Release|Any CPU.Build.0 = Release|Any CPU
		{02D6C6A0-9C17-4FC9-BBDA-DF480089AF07}.Debug|Any CPU.ActiveCfg = Debug|Any CPU
		{02D6C6A0-9C17-4FC9-BBDA-DF480089AF07}.Debug|Any CPU.Build.0 = Debug|Any CPU
		{02D6C6A0-9C17-4FC9-BBDA-DF480089AF07}.Release|Any CPU.ActiveCfg = Release|Any CPU
		{02D6C6A0-9C17-4FC9-BBDA-DF480089AF07}.Release|Any CPU.Build.0 = Release|Any CPU
		{01194807-14EA-4A3A-AA89-AB9FE39EB036}.Debug|Any CPU.ActiveCfg = Debug|Any CPU
		{01194807-14EA-4A3A-AA89-AB9FE39EB036}.Debug|Any CPU.Build.0 = Debug|Any CPU
		{01194807-14EA-4A3A-AA89-AB9FE39EB036}.Release|Any CPU.ActiveCfg = Release|Any CPU
		{01194807-14EA-4A3A-AA89-AB9FE39EB036}.Release|Any CPU.Build.0 = Release|Any CPU
	EndGlobalSection
	GlobalSection(SolutionProperties) = preSolution
		HideSolutionNode = FALSE
	EndGlobalSection
	GlobalSection(NestedProjects) = preSolution
		{53E1D8D5-56E8-42A0-A4FF-3560D6615E84} = {E33B68C5-21FE-4D84-B092-54AB4B8F062D}
		{D8EAB189-EA44-4FF6-8D90-A65C48D0BA42} = {53E1D8D5-56E8-42A0-A4FF-3560D6615E84}
	EndGlobalSection
EndGlobal
